
Microsoft Visual Studio Solution File, Format Version 12.00
# Visual Studio Version 17
VisualStudioVersion = 17.12.35527.113
MinimumVisualStudioVersion = 10.0.40219.1
Project("{8BC9CEB8-8B4A-11D0-8D11-00A0C91BC942}") = "CiphCzar", "CiphCzar\CiphCzar.vcxproj", "{AC4DAF90-61B9-4043-B02D-4E89C526D1FD}"
EndProject
Project("{8BC9CEB8-8B4A-11D0-8D11-00A0C91BC942}") = "CiphCzar.Tests", "CiphCzar.Tests\CiphCzar.Tests.vcxproj", "{C1AEF608-2B5A-8913-50FE-E3D8D6B9366B}"
EndProject
Global
	GlobalSection(SolutionConfigurationPlatforms) = preSolution
		Debug|x64 = Debug|x64
		Debug|x86 = Debug|x86
		Release|x64 = Release|x64
		Release|x86 = Release|x86
	EndGlobalSection
	GlobalSection(ProjectConfigurationPlatforms) = postSolution
		{AC4DAF90-61B9-4043-B02D-4E89C526D1FD}.Debug|x64.ActiveCfg = Debug|x64
		{AC4DAF90-61B9-4043-B02D-4E89C526D1FD}.Debug|x64.Build.0 = Debug|x64
		{AC4DAF90-61B9-4043-B02D-4E89C526D1FD}.Debug|x86.ActiveCfg = Debug|Win32
		{AC4DAF90-61B9-4043-B02D-4E89C526D1FD}.Debug|x86.Build.0 = Debug|Win32
		{AC4DAF90-61B9-4043-B02D-4E89C526D1FD}.Release|x64.ActiveCfg = Release|x64
		{AC4DAF90-61B9-4043-B02D-4E89C526D1FD}.Release|x64.Build.0 = Release|x64
		{AC4DAF90-61B9-4043-B02D-4E89C526D1FD}.Release|x86.ActiveCfg = Release|Win32
		{AC4DAF90-61B9-4043-B02D-4E89C526D1FD}.Release|x86.Build.0 = Release|Win32
		{C1AEF608-2B5A-8913-50FE-E3D8D6B9366B}.Debug|x64.ActiveCfg = Debug|x64
		{C1AEF608-2B5A-8913-50FE-E3D8D6B9366B}.Debug|x64.Build.0 = Debug|x64
		{C1AEF608-2B5A-8913-50FE-E3D8D6B9366B}.Debug|x86.ActiveCfg = Debug|Win32
		{C1AEF608-2B5A-8913-50FE-E3D8D6B9366B}.Debug|x86.Build.0 = Debug|Win32
		{C1AEF608-2B5A-8913-50FE-E3D8D6B9366B}.Release|x64.ActiveCfg = Release|x64
		{C1AEF608-2B5A-8913-50FE-E3D8D6B9366B}.Release|x64.Build.0 = Release|x64
		{C1AEF608-2B5A-8913-50FE-E3D8D6B9366B}.Release|x86.ActiveCfg = Release|Win32
		{C1AEF608-2B5A-8913-50FE-E3D8D6B9366B}.Release|x86.Build.0 = Release|Win32
	EndGlobalSection
	GlobalSection(SolutionProperties) = preSolution
		HideSolutionNode = FALSE
	EndGlobalSection
	GlobalSection(ExtensibilityGlobals) = postSolution
		SolutionGuid = {C1825172-E0B1-43E3-BBF4-1C0A4E7A9DF0}
	EndGlobalSection
EndGlobal
