<?xml version="1.0" encoding="utf-8"?>
<Project ToolsVersion="4.0" xmlns="http://schemas.microsoft.com/developer/msbuild/2003">
  <ItemGroup>
    <Filter Include="Source Files">
      <UniqueIdentifier>{4FC737F1-C7A5-4376-A066-2A32D752A2FF}</UniqueIdentifier>
      <Extensions>cpp;c;cc;cxx;c++;cppm;ixx;def;odl;idl;hpj;bat;asm;asmx</Extensions>
    </Filter>
    <Filter Include="Header Files">
      <UniqueIdentifier>{93995380-89BD-4b04-88EB-625FBE52EBFB}</UniqueIdentifier>
      <Extensions>h;hh;hpp;hxx;h++;hm;inl;inc;ipp;xsd</Extensions>
    </Filter>
    <Filter Include="Resource Files">
      <UniqueIdentifier>{67DA6AB6-F800-4c08-8B7A-83BB121AAD01}</UniqueIdentifier>
      <Extensions>rc;ico;cur;bmp;dlg;rc2;rct;bin;rgs;gif;jpg;jpeg;jpe;resx;tiff;tif;png;wav;mfcribbon-ms</Extensions>
    </Filter>
    <Filter Include="Source Files\Algorithms">
      <UniqueIdentifier>{5cba9ebd-824b-4d52-9bcc-e0e6e24b18e8}</UniqueIdentifier>
    </Filter>
    <Filter Include="Header Files\Algorithms">
      <UniqueIdentifier>{952d18a0-4515-487e-b680-c1134e863a12}</UniqueIdentifier>
    </Filter>
    <Filter Include="Source Files\UI">
      <UniqueIdentifier>{0a27141f-4320-4cbb-bc02-c917cadc9ed7}</UniqueIdentifier>
    </Filter>
    <Filter Include="Header Files\UI">
      <UniqueIdentifier>{326b552b-8805-46c6-8c19-e00aabe66a3f}</UniqueIdentifier>
    </Filter>
  </ItemGroup>
  <ItemGroup>
    <ClCompile Include="main.c">
      <Filter>Source Files</Filter>
    </ClCompile>
    <ClCompile Include="algorithm.c">
      <Filter>Source Files</Filter>
    </ClCompile>
    <ClCompile Include="argument.c">
      <Filter>Source Files</Filter>
    </ClCompile>
    <ClCompile Include="to_upper.c">
      <Filter>Source Files\Algorithms</Filter>
    </ClCompile>
    <ClCompile Include="utils.c">
      <Filter>Source Files</Filter>
    </ClCompile>
    <ClCompile Include="data.c">
      <Filter>Source Files</Filter>
    </ClCompile>
    <ClCompile Include="main_ui.c">
      <Filter>Source Files\UI</Filter>
    </ClCompile>
    <ClCompile Include="user_input.c">
      <Filter>Source Files</Filter>
    </ClCompile>
    <ClCompile Include="fileIO.c">
      <Filter>Source Files</Filter>
    </ClCompile>
    <ClCompile Include="recipe.c">
      <Filter>Source Files</Filter>
    </ClCompile>
    <ClCompile Include="recipe_enumerator.c">
      <Filter>Source Files</Filter>
    </ClCompile>
    <ClCompile Include="status_result.c">
      <Filter>Source Files</Filter>
    </ClCompile>
    <ClCompile Include="to_lower.c">
      <Filter>Source Files\Algorithms</Filter>
    </ClCompile>
    <ClCompile Include="to_base64.c">
      <Filter>Source Files\Algorithms</Filter>
    </ClCompile>
    <ClCompile Include="rot_13.c">
      <Filter>Source Files\Algorithms</Filter>
    </ClCompile>
    <ClCompile Include="rot_n.c">
      <Filter>Source Files\Algorithms</Filter>
    </ClCompile>
    <ClCompile Include="base64_common.c">
      <Filter>Source Files\Algorithms</Filter>
    </ClCompile>
    <ClCompile Include="rot_common.c">
      <Filter>Source Files\Algorithms</Filter>
    </ClCompile>
    <ClCompile Include="from_base64.c">
      <Filter>Source Files\Algorithms</Filter>
    </ClCompile>
    <ClCompile Include="make_recipe.c">
      <Filter>Source Files\UI</Filter>
    </ClCompile>
    <ClCompile Include="edit_recipe.c">
      <Filter>Source Files\UI</Filter>
    </ClCompile>
    <ClCompile Include="data_options.c">
      <Filter>Source Files\UI</Filter>
    </ClCompile>
    <ClCompile Include="get_args.c">
      <Filter>Source Files\UI</Filter>
    </ClCompile>
    <ClCompile Include="route_cipher_common.c">
      <Filter>Source Files\Algorithms</Filter>
    </ClCompile>
    <ClCompile Include="to_route_cipher.c">
      <Filter>Source Files\Algorithms</Filter>
    </ClCompile>
    <ClCompile Include="from_route_cipher.c">
      <Filter>Source Files\Algorithms</Filter>
    </ClCompile>
    <ClCompile Include="xor.c">
      <Filter>Source Files\Algorithms</Filter>
    </ClCompile>
    <ClCompile Include="substitution_cipher_common.c">
      <Filter>Source Files\Algorithms</Filter>
    </ClCompile>
    <ClCompile Include="executor.c">
      <Filter>Source Files\UI</Filter>
    </ClCompile>
    <ClCompile Include="num_conv_common.c">
      <Filter>Source Files\Algorithms</Filter>
    </ClCompile>
    <ClCompile Include="to_hex.c">
      <Filter>Source Files\Algorithms</Filter>
    </ClCompile>
    <ClCompile Include="to_decimal.c">
      <Filter>Source Files\Algorithms</Filter>
    </ClCompile>
    <ClCompile Include="swap_case.c">
      <Filter>Source Files\Algorithms</Filter>
    </ClCompile>
    <ClCompile Include="random_case.c">
      <Filter>Source Files\Algorithms</Filter>
    </ClCompile>
    <ClCompile Include="alternating_case.c">
      <Filter>Source Files\Algorithms</Filter>
    </ClCompile>
    <ClCompile Include="random_shuffle.c">
      <Filter>Source Files\Algorithms</Filter>
    </ClCompile>
  </ItemGroup>
  <ItemGroup>
    <ClInclude Include="argument.h">
      <Filter>Header Files</Filter>
    </ClInclude>
    <ClInclude Include="status_result.h">
      <Filter>Header Files</Filter>
    </ClInclude>
    <ClInclude Include="algorithm.h">
      <Filter>Header Files</Filter>
    </ClInclude>
    <ClInclude Include="to_upper.h">
      <Filter>Header Files\Algorithms</Filter>
    </ClInclude>
    <ClInclude Include="utils.h">
      <Filter>Header Files</Filter>
    </ClInclude>
    <ClInclude Include="data.h">
      <Filter>Header Files</Filter>
    </ClInclude>
    <ClInclude Include="user_input.h">
      <Filter>Header Files</Filter>
    </ClInclude>
    <ClInclude Include="fileIO.h">
      <Filter>Header Files</Filter>
    </ClInclude>
    <ClInclude Include="recipe.h">
      <Filter>Header Files</Filter>
    </ClInclude>
    <ClInclude Include="recipe_enumerator.h">
      <Filter>Header Files</Filter>
    </ClInclude>
    <ClInclude Include="to_lower.h">
      <Filter>Header Files\Algorithms</Filter>
    </ClInclude>
    <ClInclude Include="to_base64.h">
      <Filter>Header Files\Algorithms</Filter>
    </ClInclude>
    <ClInclude Include="rot_13.h">
      <Filter>Header Files\Algorithms</Filter>
    </ClInclude>
    <ClInclude Include="rot_n.h">
      <Filter>Header Files\Algorithms</Filter>
    </ClInclude>
    <ClInclude Include="base64_common.h">
      <Filter>Header Files\Algorithms</Filter>
    </ClInclude>
    <ClInclude Include="rot_common.h">
      <Filter>Header Files\Algorithms</Filter>
    </ClInclude>
    <ClInclude Include="from_base64.h">
      <Filter>Header Files\Algorithms</Filter>
    </ClInclude>
    <ClCompile Include="make_recipe.h">
      <Filter>Header Files\UI</Filter>
    </ClCompile>
    <ClInclude Include="main.h">
      <Filter>Header Files</Filter>
    </ClInclude>
    <ClInclude Include="route_cipher_common.h">
      <Filter>Header Files\Algorithms</Filter>
    </ClInclude>
    <ClInclude Include="to_route_cipher.h">
      <Filter>Header Files\Algorithms</Filter>
    </ClInclude>
    <ClInclude Include="from_route_cipher.h">
      <Filter>Header Files\Algorithms</Filter>
    </ClInclude>
    <ClInclude Include="data_options.h">
      <Filter>Header Files\UI</Filter>
    </ClInclude>
    <ClInclude Include="edit_recipe.h">
      <Filter>Header Files\UI</Filter>
    </ClInclude>
    <ClInclude Include="get_args.h">
      <Filter>Header Files\UI</Filter>
    </ClInclude>
    <ClInclude Include="main_ui.h">
      <Filter>Header Files\UI</Filter>
    </ClInclude>
    <ClInclude Include="xor.h">
      <Filter>Header Files\Algorithms</Filter>
    </ClInclude>
    <ClInclude Include="substitution_cipher_common.h">
      <Filter>Header Files\Algorithms</Filter>
    </ClInclude>
    <ClInclude Include="executor.h">
      <Filter>Header Files\UI</Filter>
    </ClInclude>
    <ClInclude Include="num_conv_common.h">
      <Filter>Header Files\Algorithms</Filter>
    </ClInclude>
    <ClInclude Include="to_hex.h">
      <Filter>Header Files\Algorithms</Filter>
    </ClInclude>
    <ClCompile Include="to_decimal.h">
      <Filter>Header Files\Algorithms</Filter>
    </ClCompile>
    <ClInclude Include="swap_case.h">
      <Filter>Header Files\Algorithms</Filter>
    </ClInclude>
    <ClInclude Include="random_case.h">
      <Filter>Header Files\Algorithms</Filter>
    </ClInclude>
    <ClInclude Include="alternating_case.h">
      <Filter>Header Files\Algorithms</Filter>
    </ClInclude>
    <ClInclude Include="random_shuffle.h">
      <Filter>Header Files\Algorithms</Filter>
    </ClInclude>
  </ItemGroup>
  <ItemGroup>
    <None Include="cpp.hint" />
  </ItemGroup>
</Project>